
Microsoft Visual Studio Solution File, Format Version 12.00
# Visual Studio Version 16
VisualStudioVersion = 16.0.29709.97
MinimumVisualStudioVersion = 10.0.40219.1
Project("{FAE04EC0-301F-11D3-BF4B-00C04F79EFBC}") = "Sharpii", "Sharpii.csproj", "{A5ABD4DA-DBAB-4304-BEB1-A52BC9D6516D}"
EndProject
Global
	GlobalSection(SolutionConfigurationPlatforms) = preSolution
		Debug|Any CPU = Debug|Any CPU
		Release|Any CPU = Release|Any CPU
	EndGlobalSection
	GlobalSection(ProjectConfigurationPlatforms) = postSolution
		{A5ABD4DA-DBAB-4304-BEB1-A52BC9D6516D}.Debug|Any CPU.ActiveCfg = Debug|Any CPU
		{A5ABD4DA-DBAB-4304-BEB1-A52BC9D6516D}.Debug|Any CPU.Build.0 = Debug|Any CPU
		{A5ABD4DA-DBAB-4304-BEB1-A52BC9D6516D}.Release|Any CPU.ActiveCfg = Release|Any CPU
		{A5ABD4DA-DBAB-4304-BEB1-A52BC9D6516D}.Release|Any CPU.Build.0 = Release|Any CPU
	EndGlobalSection
	GlobalSection(SolutionProperties) = preSolution
		HideSolutionNode = FALSE
	EndGlobalSection
	GlobalSection(ExtensibilityGlobals) = postSolution
		SolutionGuid = {D7A37F7C-1238-497F-8B97-F238108BBB4B}
	EndGlobalSection
EndGlobal
